
Microsoft Visual Studio Solution File, Format Version 12.00
# Visual Studio Version 17
VisualStudioVersion = 17.1.32319.34
MinimumVisualStudioVersion = 10.0.40219.1
Project("{9A19103F-16F7-4668-BE54-9A1E7A4F7556}") = "Task6_OS (test)", "Task6_OS (test)\Task6_OS (test).csproj", "{26307CDB-A118-4790-8C18-6EF2D2D8F232}"
EndProject
Project("{FAE04EC0-301F-11D3-BF4B-00C04F79EFBC}") = "Task6_OS", "Task6_OS\Task6_OS.csproj", "{FA4ABBA8-8A2A-47B8-90EF-96D600301A39}"
EndProject
Global
	GlobalSection(SolutionConfigurationPlatforms) = preSolution
		Debug|Any CPU = Debug|Any CPU
		Release|Any CPU = Release|Any CPU
	EndGlobalSection
	GlobalSection(ProjectConfigurationPlatforms) = postSolution
		{26307CDB-A118-4790-8C18-6EF2D2D8F232}.Debug|Any CPU.ActiveCfg = Debug|Any CPU
		{26307CDB-A118-4790-8C18-6EF2D2D8F232}.Debug|Any CPU.Build.0 = Debug|Any CPU
		{26307CDB-A118-4790-8C18-6EF2D2D8F232}.Release|Any CPU.ActiveCfg = Release|Any CPU
		{26307CDB-A118-4790-8C18-6EF2D2D8F232}.Release|Any CPU.Build.0 = Release|Any CPU
		{FA4ABBA8-8A2A-47B8-90EF-96D600301A39}.Debug|Any CPU.ActiveCfg = Debug|Any CPU
		{FA4ABBA8-8A2A-47B8-90EF-96D600301A39}.Debug|Any CPU.Build.0 = Debug|Any CPU
		{FA4ABBA8-8A2A-47B8-90EF-96D600301A39}.Release|Any CPU.ActiveCfg = Release|Any CPU
		{FA4ABBA8-8A2A-47B8-90EF-96D600301A39}.Release|Any CPU.Build.0 = Release|Any CPU
	EndGlobalSection
	GlobalSection(SolutionProperties) = preSolution
		HideSolutionNode = FALSE
	EndGlobalSection
	GlobalSection(ExtensibilityGlobals) = postSolution
		SolutionGuid = {39646F6A-C875-4F28-8ECB-8697D0E601E8}
	EndGlobalSection
EndGlobal
